github.com/Kaushik1766/GoFileDB v1.0.3-0.20250730174736-0684359e84bb h1:62Dta6PjxnFkjMlWNfZGwrLxaHqTYc/4CDOCuqPN928=
github.com/Kaushik1766/GoFileDB v1.0.3-0.20250730174736-0684359e84bb/go.mod h1:QQh4N/B2KnhO6QvkABmnjPsAQn9eDOc7PKOoGz4uOdc=
github.com/google/uuid v1.6.0 h1:NIvaJDMOsjHA8n1jAhLSgzrAzy1Hgr+hNrb57e+94F0=
github.com/google/uuid v1.6.0/go.mod h1:TIyPZe4MgqvfeYDBFedMoGGpEw/LqOeaOT+nhxU+yHo=
